
Microsoft Visual Studio Solution File, Format Version 11.00
# Visual Studio 2010
Project("{FAE04EC0-301F-11D3-BF4B-00C04F79EFBC}") = "GUSGives", "GUSGives.csproj", "{A256B0A4-D3A5-4EA0-A856-CD1117D18A73}"
EndProject
Global
	GlobalSection(SolutionConfigurationPlatforms) = preSolution
		Debug|x86 = Debug|x86
		Release|x86 = Release|x86
	EndGlobalSection
	GlobalSection(ProjectConfigurationPlatforms) = postSolution
		{A256B0A4-D3A5-4EA0-A856-CD1117D18A73}.Debug|x86.ActiveCfg = Debug|x86
		{A256B0A4-D3A5-4EA0-A856-CD1117D18A73}.Debug|x86.Build.0 = Debug|x86
		{A256B0A4-D3A5-4EA0-A856-CD1117D18A73}.Release|x86.ActiveCfg = Release|x86
		{A256B0A4-D3A5-4EA0-A856-CD1117D18A73}.Release|x86.Build.0 = Release|x86
	EndGlobalSection
	GlobalSection(SolutionProperties) = preSolution
		HideSolutionNode = FALSE
	EndGlobalSection
EndGlobal
